
Microsoft Visual Studio Solution File, Format Version 12.00
# Visual Studio Version 17
VisualStudioVersion = 17.5.002.0
MinimumVisualStudioVersion = 10.0.40219.1
Project("{9A19103F-16F7-4668-BE54-9A1E7A4F7556}") = "ATM", "ATM.csproj", "{DDE150AE-61EE-4A95-8335-FF5C9FDBF43A}"
EndProject
Global
	GlobalSection(SolutionConfigurationPlatforms) = preSolution
		Debug|Any CPU = Debug|Any CPU
		Release|Any CPU = Release|Any CPU
	EndGlobalSection
	GlobalSection(ProjectConfigurationPlatforms) = postSolution
		{DDE150AE-61EE-4A95-8335-FF5C9FDBF43A}.Debug|Any CPU.ActiveCfg = Debug|Any CPU
		{DDE150AE-61EE-4A95-8335-FF5C9FDBF43A}.Debug|Any CPU.Build.0 = Debug|Any CPU
		{DDE150AE-61EE-4A95-8335-FF5C9FDBF43A}.Release|Any CPU.ActiveCfg = Release|Any CPU
		{DDE150AE-61EE-4A95-8335-FF5C9FDBF43A}.Release|Any CPU.Build.0 = Release|Any CPU
	EndGlobalSection
	GlobalSection(SolutionProperties) = preSolution
		HideSolutionNode = FALSE
	EndGlobalSection
	GlobalSection(ExtensibilityGlobals) = postSolution
		SolutionGuid = {50F9C2AC-F3F7-406A-BC40-89CF106DDF71}
	EndGlobalSection
EndGlobal
